// !$*UTF8*$!
{
	archiveVersion = 1;
	classes = {
	};
	objectVersion = 50;
	objects = {

/* Begin PBXBuildFile section */
		EA078DCF212DE35B00C203C6 /* AppDelegate.swift in Sources */ = {isa = PBXBuildFile; fileRef = EA078DCE212DE35B00C203C6 /* AppDelegate.swift */; };
		EA078DD1212DE35B00C203C6 /* GameScene.sks in Resources */ = {isa = PBXBuildFile; fileRef = EA078DD0212DE35B00C203C6 /* GameScene.sks */; };
		EA078DD3212DE35B00C203C6 /* Actions.sks in Resources */ = {isa = PBXBuildFile; fileRef = EA078DD2212DE35B00C203C6 /* Actions.sks */; };
		EA078DD5212DE35B00C203C6 /* GameScene.swift in Sources */ = {isa = PBXBuildFile; fileRef = EA078DD4212DE35B00C203C6 /* GameScene.swift */; };
		EA078DD7212DE35B00C203C6 /* GameViewController.swift in Sources */ = {isa = PBXBuildFile; fileRef = EA078DD6212DE35B00C203C6 /* GameViewController.swift */; };
		EA078DDA212DE35B00C203C6 /* Main.storyboard in Resources */ = {isa = PBXBuildFile; fileRef = EA078DD8212DE35B00C203C6 /* Main.storyboard */; };
		EA078DDC212DE35C00C203C6 /* Assets.xcassets in Resources */ = {isa = PBXBuildFile; fileRef = EA078DDB212DE35C00C203C6 /* Assets.xcassets */; };
		EA078DDF212DE35C00C203C6 /* LaunchScreen.storyboard in Resources */ = {isa = PBXBuildFile; fileRef = EA078DDD212DE35C00C203C6 /* LaunchScreen.storyboard */; };
		EA078DEA212DE35C00C203C6 /* tappytapTests.swift in Sources */ = {isa = PBXBuildFile; fileRef = EA078DE9212DE35C00C203C6 /* tappytapTests.swift */; };
/* End PBXBuildFile section */

/* Begin PBXContainerItemProxy section */
		EA078DE6212DE35C00C203C6 /* PBXContainerItemProxy */ = {
			isa = PBXContainerItemProxy;
			containerPortal = EA078DC3212DE35B00C203C6 /* Project object */;
			proxyType = 1;
			remoteGlobalIDString = EA078DCA212DE35B00C203C6;
			remoteInfo = tappytap;
		};
/* End PBXContainerItemProxy section */

/* Begin PBXFileReference section */
		EA078DCB212DE35B00C203C6 /* tappytap.app */ = {isa = PBXFileReference; explicitFileType = wrapper.application; includeInIndex = 0; path = tappytap.app; sourceTree = BUILT_PRODUCTS_DIR; };
		EA078DCE212DE35B00C203C6 /* AppDelegate.swift */ = {isa = PBXFileReference; lastKnownFileType = sourcecode.swift; path = AppDelegate.swift; sourceTree = "<group>"; };
		EA078DD0212DE35B00C203C6 /* GameScene.sks */ = {isa = PBXFileReference; lastKnownFileType = file.sks; path = GameScene.sks; sourceTree = "<group>"; };
		EA078DD2212DE35B00C203C6 /* Actions.sks */ = {isa = PBXFileReference; lastKnownFileType = file.sks; path = Actions.sks; sourceTree = "<group>"; };
		EA078DD4212DE35B00C203C6 /* GameScene.swift */ = {isa = PBXFileReference; lastKnownFileType = sourcecode.swift; path = GameScene.swift; sourceTree = "<group>"; };
		EA078DD6212DE35B00C203C6 /* GameViewController.swift */ = {isa = PBXFileReference; lastKnownFileType = sourcecode.swift; path = GameViewController.swift; sourceTree = "<group>"; };
		EA078DD9212DE35B00C203C6 /* Base */ = {isa = PBXFileReference; lastKnownFileType = file.storyboard; name = Base; path = Base.lproj/Main.storyboard; sourceTree = "<group>"; };
		EA078DDB212DE35C00C203C6 /* Assets.xcassets */ = {isa = PBXFileReference; lastKnownFileType = folder.assetcatalog; path = Assets.xcassets; sourceTree = "<group>"; };
		EA078DDE212DE35C00C203C6 /* Base */ = {isa = PBXFileReference; lastKnownFileType = file.storyboard; name = Base; path = Base.lproj/LaunchScreen.storyboard; sourceTree = "<group>"; };
		EA078DE0212DE35C00C203C6 /* Info.plist */ = {isa = PBXFileReference; lastKnownFileType = text.plist.xml; path = Info.plist; sourceTree = "<group>"; };
		EA078DE5212DE35C00C203C6 /* tappytapTests.xctest */ = {isa = PBXFileReference; explicitFileType = wrapper.cfbundle; includeInIndex = 0; path = tappytapTests.xctest; sourceTree = BUILT_PRODUCTS_DIR; };
		EA078DE9212DE35C00C203C6 /* tappytapTests.swift */ = {isa = PBXFileReference; lastKnownFileType = sourcecode.swift; path = tappytapTests.swift; sourceTree = "<group>"; };
		EA078DEB212DE35C00C203C6 /* Info.plist */ = {isa = PBXFileReference; lastKnownFileType = text.plist.xml; path = Info.plist; sourceTree = "<group>"; };
/* End PBXFileReference section */

/* Begin PBXFrameworksBuildPhase section */
		EA078DC8212DE35B00C203C6 /* Frameworks */ = {
			isa = PBXFrameworksBuildPhase;
			buildActionMask = 2147483647;
			files = (
			);
			runOnlyForDeploymentPostprocessing = 0;
		};
		EA078DE2212DE35C00C203C6 /* Frameworks */ = {
			isa = PBXFrameworksBuildPhase;
			buildActionMask = 2147483647;
			files = (
			);
			runOnlyForDeploymentPostprocessing = 0;
		};
/* End PBXFrameworksBuildPhase section */

/* Begin PBXGroup section */
		EA078DC2212DE35B00C203C6 = {
			isa = PBXGroup;
			children = (
				EA078DCD212DE35B00C203C6 /* tappytap */,
				EA078DE8212DE35C00C203C6 /* tappytapTests */,
				EA078DCC212DE35B00C203C6 /* Products */,
			);
			sourceTree = "<group>";
		};
		EA078DCC212DE35B00C203C6 /* Products */ = {
			isa = PBXGroup;
			children = (
				EA078DCB212DE35B00C203C6 /* tappytap.app */,
				EA078DE5212DE35C00C203C6 /* tappytapTests.xctest */,
			);
			name = Products;
			sourceTree = "<group>";
		};
		EA078DCD212DE35B00C203C6 /* tappytap */ = {
			isa = PBXGroup;
			children = (
				EA078DCE212DE35B00C203C6 /* AppDelegate.swift */,
				EA078DD0212DE35B00C203C6 /* GameScene.sks */,
				EA078DD2212DE35B00C203C6 /* Actions.sks */,
				EA078DD4212DE35B00C203C6 /* GameScene.swift */,
				EA078DD6212DE35B00C203C6 /* GameViewController.swift */,
				EA078DD8212DE35B00C203C6 /* Main.storyboard */,
				EA078DDB212DE35C00C203C6 /* Assets.xcassets */,
				EA078DDD212DE35C00C203C6 /* LaunchScreen.storyboard */,
				EA078DE0212DE35C00C203C6 /* Info.plist */,
			);
			path = tappytap;
			sourceTree = "<group>";
		};
		EA078DE8212DE35C00C203C6 /* tappytapTests */ = {
			isa = PBXGroup;
			children = (
				EA078DE9212DE35C00C203C6 /* tappytapTests.swift */,
				EA078DEB212DE35C00C203C6 /* Info.plist */,
			);
			path = tappytapTests;
			sourceTree = "<group>";
		};
/* End PBXGroup section */

/* Begin PBXNativeTarget section */
		EA078DCA212DE35B00C203C6 /* tappytap */ = {
			isa = PBXNativeTarget;
			buildConfigurationList = EA078DEE212DE35C00C203C6 /* Build configuration list for PBXNativeTarget "tappytap" */;
			buildPhases = (
				EA078DC7212DE35B00C203C6 /* Sources */,
				EA078DC8212DE35B00C203C6 /* Frameworks */,
				EA078DC9212DE35B00C203C6 /* Resources */,
			);
			buildRules = (
			);
			dependencies = (
			);
			name = tappytap;
			productName = tappytap;
			productReference = EA078DCB212DE35B00C203C6 /* tappytap.app */;
			productType = "com.apple.product-type.application";
		};
		EA078DE4212DE35C00C203C6 /* tappytapTests */ = {
			isa = PBXNativeTarget;
			buildConfigurationList = EA078DF1212DE35C00C203C6 /* Build configuration list for PBXNativeTarget "tappytapTests" */;
			buildPhases = (
				EA078DE1212DE35C00C203C6 /* Sources */,
				EA078DE2212DE35C00C203C6 /* Frameworks */,
				EA078DE3212DE35C00C203C6 /* Resources */,
			);
			buildRules = (
			);
			dependencies = (
				EA078DE7212DE35C00C203C6 /* PBXTargetDependency */,
			);
			name = tappytapTests;
			productName = tappytapTests;
			productReference = EA078DE5212DE35C00C203C6 /* tappytapTests.xctest */;
			productType = "com.apple.product-type.bundle.unit-test";
		};
/* End PBXNativeTarget section */

/* Begin PBXProject section */
		EA078DC3212DE35B00C203C6 /* Project object */ = {
			isa = PBXProject;
			attributes = {
				LastSwiftUpdateCheck = 0940;
				LastUpgradeCheck = 0940;
				ORGANIZATIONNAME = alch;
				TargetAttributes = {
					EA078DCA212DE35B00C203C6 = {
						CreatedOnToolsVersion = 9.4.1;
					};
					EA078DE4212DE35C00C203C6 = {
						CreatedOnToolsVersion = 9.4.1;
						TestTargetID = EA078DCA212DE35B00C203C6;
					};
				};
			};
			buildConfigurationList = EA078DC6212DE35B00C203C6 /* Build configuration list for PBXProject "tappytap" */;
			compatibilityVersion = "Xcode 9.3";
			developmentRegion = en;
			hasScannedForEncodings = 0;
			knownRegions = (
				en,
				Base,
			);
			mainGroup = EA078DC2212DE35B00C203C6;
			productRefGroup = EA078DCC212DE35B00C203C6 /* Products */;
			projectDirPath = "";
			projectRoot = "";
			targets = (
				EA078DCA212DE35B00C203C6 /* tappytap */,
				EA078DE4212DE35C00C203C6 /* tappytapTests */,
			);
		};
/* End PBXProject section */

/* Begin PBXResourcesBuildPhase section */
		EA078DC9212DE35B00C203C6 /* Resources */ = {
			isa = PBXResourcesBuildPhase;
			buildActionMask = 2147483647;
			files = (
				EA078DDA212DE35B00C203C6 /* Main.storyboard in Resources */,
				EA078DD1212DE35B00C203C6 /* GameScene.sks in Resources */,
				EA078DDC212DE35C00C203C6 /* Assets.xcassets in Resources */,
				EA078DDF212DE35C00C203C6 /* LaunchScreen.storyboard in Resources */,
				EA078DD3212DE35B00C203C6 /* Actions.sks in Resources */,
			);
			runOnlyForDeploymentPostprocessing = 0;
		};
		EA078DE3212DE35C00C203C6 /* Resources */ = {
			isa = PBXResourcesBuildPhase;
			buildActionMask = 2147483647;
			files = (
			);
			runOnlyForDeploymentPostprocessing = 0;
		};
/* End PBXResourcesBuildPhase section */

/* Begin PBXSourcesBuildPhase section */
		EA078DC7212DE35B00C203C6 /* Sources */ = {
			isa = PBXSourcesBuildPhase;
			buildActionMask = 2147483647;
			files = (
				EA078DD5212DE35B00C203C6 /* GameScene.swift in Sources */,
				EA078DD7212DE35B00C203C6 /* GameViewController.swift in Sources */,
				EA078DCF212DE35B00C203C6 /* AppDelegate.swift in Sources */,
			);
			runOnlyForDeploymentPostprocessing = 0;
		};
		EA078DE1212DE35C00C203C6 /* Sources */ = {
			isa = PBXSourcesBuildPhase;
			buildActionMask = 2147483647;
			files = (
				EA078DEA212DE35C00C203C6 /* tappytapTests.swift in Sources */,
			);
			runOnlyForDeploymentPostprocessing = 0;
		};
/* End PBXSourcesBuildPhase section */

/* Begin PBXTargetDependency section */
		EA078DE7212DE35C00C203C6 /* PBXTargetDependency */ = {
			isa = PBXTargetDependency;
			target = EA078DCA212DE35B00C203C6 /* tappytap */;
			targetProxy = EA078DE6212DE35C00C203C6 /* PBXContainerItemProxy */;
		};
/* End PBXTargetDependency section */

/* Begin PBXVariantGroup section */
		EA078DD8212DE35B00C203C6 /* Main.storyboard */ = {
			isa = PBXVariantGroup;
			children = (
				EA078DD9212DE35B00C203C6 /* Base */,
			);
			name = Main.storyboard;
			sourceTree = "<group>";
		};
		EA078DDD212DE35C00C203C6 /* LaunchScreen.storyboard */ = {
			isa = PBXVariantGroup;
			children = (
				EA078DDE212DE35C00C203C6 /* Base */,
			);
			name = LaunchScreen.storyboard;
			sourceTree = "<group>";
		};
/* End PBXVariantGroup section */

/* Begin XCBuildConfiguration section */
		EA078DEC212DE35C00C203C6 /* Debug */ = {
			isa = XCBuildConfiguration;
			buildSettings = {
				ALWAYS_SEARCH_USER_PATHS = NO;
				CLANG_ANALYZER_NONNULL = YES;
				CLANG_ANALYZER_NUMBER_OBJECT_CONVERSION = YES_AGGRESSIVE;
				CLANG_CXX_LANGUAGE_STANDARD = "gnu++14";
				CLANG_CXX_LIBRARY = "libc++";
				CLANG_ENABLE_MODULES = YES;
				CLANG_ENABLE_OBJC_ARC = YES;
				CLANG_ENABLE_OBJC_WEAK = YES;
				CLANG_WARN_BLOCK_CAPTURE_AUTORELEASING = YES;
				CLANG_WARN_BOOL_CONVERSION = YES;
				CLANG_WARN_COMMA = YES;
				CLANG_WARN_CONSTANT_CONVERSION = YES;
				CLANG_WARN_DEPRECATED_OBJC_IMPLEMENTATIONS = YES;
				CLANG_WARN_DIRECT_OBJC_ISA_USAGE = YES_ERROR;
				CLANG_WARN_DOCUMENTATION_COMMENTS = YES;
				CLANG_WARN_EMPTY_BODY = YES;
				CLANG_WARN_ENUM_CONVERSION = YES;
				CLANG_WARN_INFINITE_RECURSION = YES;
				CLANG_WARN_INT_CONVERSION = YES;
				CLANG_WARN_NON_LITERAL_NULL_CONVERSION = YES;
				CLANG_WARN_OBJC_IMPLICIT_RETAIN_SELF = YES;
				CLANG_WARN_OBJC_LITERAL_CONVERSION = YES;
				CLANG_WARN_OBJC_ROOT_CLASS = YES_ERROR;
				CLANG_WARN_RANGE_LOOP_ANALYSIS = YES;
				CLANG_WARN_STRICT_PROTOTYPES = YES;
				CLANG_WARN_SUSPICIOUS_MOVE = YES;
				CLANG_WARN_UNGUARDED_AVAILABILITY = YES_AGGRESSIVE;
				CLANG_WARN_UNREACHABLE_CODE = YES;
				CLANG_WARN__DUPLICATE_METHOD_MATCH = YES;
				CODE_SIGN_IDENTITY = "iPhone Developer";
				COPY_PHASE_STRIP = NO;
				DEBUG_INFORMATION_FORMAT = dwarf;
				ENABLE_STRICT_OBJC_MSGSEND = YES;
				ENABLE_TESTABILITY = YES;
				GCC_C_LANGUAGE_STANDARD = gnu11;
				GCC_DYNAMIC_NO_PIC = NO;
				GCC_NO_COMMON_BLOCKS = YES;
				GCC_OPTIMIZATION_LEVEL = 0;
				GCC_PREPROCESSOR_DEFINITIONS = (
					"DEBUG=1",
					"$(inherited)",
				);
				GCC_WARN_64_TO_32_BIT_CONVERSION = YES;
				GCC_WARN_ABOUT_RETURN_TYPE = YES_ERROR;
				GCC_WARN_UNDECLARED_SELECTOR = YES;
				GCC_WARN_UNINITIALIZED_AUTOS = YES_AGGRESSIVE;
				GCC_WARN_UNUSED_FUNCTION = YES;
				GCC_WARN_UNUSED_VARIABLE = YES;
				IPHONEOS_DEPLOYMENT_TARGET = 11.4;
				MTL_ENABLE_DEBUG_INFO = YES;
				ONLY_ACTIVE_ARCH = YES;
				SDKROOT = iphoneos;
				SWIFT_ACTIVE_COMPILATION_CONDITIONS = DEBUG;
				SWIFT_OPTIMIZATION_LEVEL = "-Onone";
			};
			name = Debug;
		};
		EA078DED212DE35C00C203C6 /* Release */ = {
			isa = XCBuildConfiguration;
			buildSettings = {
				ALWAYS_SEARCH_USER_PATHS = NO;
				CLANG_ANALYZER_NONNULL = YES;
				CLANG_ANALYZER_NUMBER_OBJECT_CONVERSION = YES_AGGRESSIVE;
				CLANG_CXX_LANGUAGE_STANDARD = "gnu++14";
				CLANG_CXX_LIBRARY = "libc++";
				CLANG_ENABLE_MODULES = YES;
				CLANG_ENABLE_OBJC_ARC = YES;
				CLANG_ENABLE_OBJC_WEAK = YES;
				CLANG_WARN_BLOCK_CAPTURE_AUTORELEASING = YES;
				CLANG_WARN_BOOL_CONVERSION = YES;
				CLANG_WARN_COMMA = YES;
				CLANG_WARN_CONSTANT_CONVERSION = YES;
				CLANG_WARN_DEPRECATED_OBJC_IMPLEMENTATIONS = YES;
				CLANG_WARN_DIRECT_OBJC_ISA_USAGE = YES_ERROR;
				CLANG_WARN_DOCUMENTATION_COMMENTS = YES;
				CLANG_WARN_EMPTY_BODY = YES;
				CLANG_WARN_ENUM_CONVERSION = YES;
				CLANG_WARN_INFINITE_RECURSION = YES;
				CLANG_WARN_INT_CONVERSION = YES;
				CLANG_WARN_NON_LITERAL_NULL_CONVERSION = YES;
				CLANG_WARN_OBJC_IMPLICIT_RETAIN_SELF = YES;
				CLANG_WARN_OBJC_LITERAL_CONVERSION = YES;
				CLANG_WARN_OBJC_ROOT_CLASS = YES_ERROR;
				CLANG_WARN_RANGE_LOOP_ANALYSIS = YES;
				CLANG_WARN_STRICT_PROTOTYPES = YES;
				CLANG_WARN_SUSPICIOUS_MOVE = YES;
				CLANG_WARN_UNGUARDED_AVAILABILITY = YES_AGGRESSIVE;
				CLANG_WARN_UNREACHABLE_CODE = YES;
				CLANG_WARN__DUPLICATE_METHOD_MATCH = YES;
				CODE_SIGN_IDENTITY = "iPhone Developer";
				COPY_PHASE_STRIP = NO;
				DEBUG_INFORMATION_FORMAT = "dwarf-with-dsym";
				ENABLE_NS_ASSERTIONS = NO;
				ENABLE_STRICT_OBJC_MSGSEND = YES;
				GCC_C_LANGUAGE_STANDARD = gnu11;
				GCC_NO_COMMON_BLOCKS = YES;
				GCC_WARN_64_TO_32_BIT_CONVERSION = YES;
				GCC_WARN_ABOUT_RETURN_TYPE = YES_ERROR;
				GCC_WARN_UNDECLARED_SELECTOR = YES;
				GCC_WARN_UNINITIALIZED_AUTOS = YES_AGGRESSIVE;
				GCC_WARN_UNUSED_FUNCTION = YES;
				GCC_WARN_UNUSED_VARIABLE = YES;
				IPHONEOS_DEPLOYMENT_TARGET = 11.4;
				MTL_ENABLE_DEBUG_INFO = NO;
				SDKROOT = iphoneos;
				SWIFT_COMPILATION_MODE = wholemodule;
				SWIFT_OPTIMIZATION_LEVEL = "-O";
				VALIDATE_PRODUCT = YES;
			};
			name = Release;
		};
		EA078DEF212DE35C00C203C6 /* Debug */ = {
			isa = XCBuildConfiguration;
			buildSettings = {
				ASSETCATALOG_COMPILER_APPICON_NAME = AppIcon;
				CODE_SIGN_STYLE = Automatic;
				INFOPLIST_FILE = tappytap/Info.plist;
				LD_RUNPATH_SEARCH_PATHS = (
					"$(inherited)",
					"@executable_path/Frameworks",
				);
				PRODUCT_BUNDLE_IDENTIFIER = AD.tappytap;
				PRODUCT_NAME = "$(TARGET_NAME)";
				SWIFT_VERSION = 4.0;
				TARGETED_DEVICE_FAMILY = "1,2";
			};
			name = Debug;
		};
		EA078DF0212DE35C00C203C6 /* Release */ = {
			isa = XCBuildConfiguration;
			buildSettings = {
				ASSETCATALOG_COMPILER_APPICON_NAME = AppIcon;
				CODE_SIGN_STYLE = Automatic;
				INFOPLIST_FILE = tappytap/Info.plist;
				LD_RUNPATH_SEARCH_PATHS = (
					"$(inherited)",
					"@executable_path/Frameworks",
				);
				PRODUCT_BUNDLE_IDENTIFIER = AD.tappytap;
				PRODUCT_NAME = "$(TARGET_NAME)";
				SWIFT_VERSION = 4.0;
				TARGETED_DEVICE_FAMILY = "1,2";
			};
			name = Release;
		};
		EA078DF2212DE35C00C203C6 /* Debug */ = {
			isa = XCBuildConfiguration;
			buildSettings = {
				ALWAYS_EMBED_SWIFT_STANDARD_LIBRARIES = YES;
				BUNDLE_LOADER = "$(TEST_HOST)";
				CODE_SIGN_STYLE = Automatic;
				INFOPLIST_FILE = tappytapTests/Info.plist;
				LD_RUNPATH_SEARCH_PATHS = (
					"$(inherited)",
					"@executable_path/Frameworks",
					"@loader_path/Frameworks",
				);
				PRODUCT_BUNDLE_IDENTIFIER = AD.tappytapTests;
				PRODUCT_NAME = "$(TARGET_NAME)";
				SWIFT_VERSION = 4.0;
				TARGETED_DEVICE_FAMILY = "1,2";
				TEST_HOST = "$(BUILT_PRODUCTS_DIR)/tappytap.app/tappytap";
			};
			name = Debug;
		};
		EA078DF3212DE35C00C203C6 /* Release */ = {
			isa = XCBuildConfiguration;
			buildSettings = {
				ALWAYS_EMBED_SWIFT_STANDARD_LIBRARIES = YES;
				BUNDLE_LOADER = "$(TEST_HOST)";
				CODE_SIGN_STYLE = Automatic;
				INFOPLIST_FILE = tappytapTests/Info.plist;
				LD_RUNPATH_SEARCH_PATHS = (
					"$(inherited)",
					"@executable_path/Frameworks",
					"@loader_path/Frameworks",
				);
				PRODUCT_BUNDLE_IDENTIFIER = AD.tappytapTests;
				PRODUCT_NAME = "$(TARGET_NAME)";
				SWIFT_VERSION = 4.0;
				TARGETED_DEVICE_FAMILY = "1,2";
				TEST_HOST = "$(BUILT_PRODUCTS_DIR)/tappytap.app/tappytap";
			};
			name = Release;
		};
/* End XCBuildConfiguration section */

/* Begin XCConfigurationList section */
		EA078DC6212DE35B00C203C6 /* Build configuration list for PBXProject "tappytap" */ = {
			isa = XCConfigurationList;
			buildConfigurations = (
				EA078DEC212DE35C00C203C6 /* Debug */,
				EA078DED212DE35C00C203C6 /* Release */,
			);
			defaultConfigurationIsVisible = 0;
			defaultConfigurationName = Release;
		};
		EA078DEE212DE35C00C203C6 /* Build configuration list for PBXNativeTarget "tappytap" */ = {
			isa = XCConfigurationList;
			buildConfigurations = (
				EA078DEF212DE35C00C203C6 /* Debug */,
				EA078DF0212DE35C00C203C6 /* Release */,
			);
			defaultConfigurationIsVisible = 0;
			defaultConfigurationName = Release;
		};
		EA078DF1212DE35C00C203C6 /* Build configuration list for PBXNativeTarget "tappytapTests" */ = {
			isa = XCConfigurationList;
			buildConfigurations = (
				EA078DF2212DE35C00C203C6 /* Debug */,
				EA078DF3212DE35C00C203C6 /* Release */,
			);
			defaultConfigurationIsVisible = 0;
			defaultConfigurationName = Release;
		};
/* End XCConfigurationList section */
	};
	rootObject = EA078DC3212DE35B00C203C6 /* Project object */;
}
